
Microsoft Visual Studio Solution File, Format Version 12.00
# Visual Studio Version 17
VisualStudioVersion = 17.11.35111.106
MinimumVisualStudioVersion = 10.0.40219.1
Project("{9A19103F-16F7-4668-BE54-9A1E7A4F7556}") = "InvetoryManagementSystem", "InvetoryManagementSystem\InvetoryManagementSystem.csproj", "{B5EC3AB1-591E-489B-BE8A-664C5F26EEC6}"
EndProject
Project("{2150E333-8FDC-42A3-9474-1A3956D46DE8}") = "Core", "Core", "{578D9CB1-5F86-4C80-B443-AB00B7A8AA40}"
EndProject
Project("{2150E333-8FDC-42A3-9474-1A3956D46DE8}") = "Infrastructure", "Infrastructure", "{267D913F-575E-49B8-9A7D-736340035083}"
EndProject
Project("{FAE04EC0-301F-11D3-BF4B-00C04F79EFBC}") = "Shared", "Shared\Shared.csproj", "{96C64D9C-F788-4B9F-A1A2-A6671976664A}"
EndProject
Project("{FAE04EC0-301F-11D3-BF4B-00C04F79EFBC}") = "DomainLayer", "Core\DomainLayer\DomainLayer.csproj", "{61FBF1F7-2467-4C8D-A375-E507EBBB5A98}"
EndProject
Project("{FAE04EC0-301F-11D3-BF4B-00C04F79EFBC}") = "Service", "Core\Service\Service.csproj", "{11B8EC6B-39E4-44C0-BABF-47B86BBC2114}"
EndProject
Project("{FAE04EC0-301F-11D3-BF4B-00C04F79EFBC}") = "ServiceAbstraction", "Core\ServiceAbstraction\ServiceAbstraction.csproj", "{AE82F87E-2BBB-4EFE-9335-B96A77F3142F}"
EndProject
Project("{FAE04EC0-301F-11D3-BF4B-00C04F79EFBC}") = "PresentatioLayer", "Infrastructure\PresentatioLayer\PresentatioLayer.csproj", "{88FD67FE-84ED-43F5-BC41-70E05C04CC98}"
EndProject
Project("{FAE04EC0-301F-11D3-BF4B-00C04F79EFBC}") = "Persistence", "Infrastructure\Presestance\Persistence.csproj", "{6C4ACC8F-840A-4FD1-8FD1-03F731C3E76A}"
EndProject
Global
	GlobalSection(SolutionConfigurationPlatforms) = preSolution
		Debug|Any CPU = Debug|Any CPU
		Release|Any CPU = Release|Any CPU
	EndGlobalSection
	GlobalSection(ProjectConfigurationPlatforms) = postSolution
		{B5EC3AB1-591E-489B-BE8A-664C5F26EEC6}.Debug|Any CPU.ActiveCfg = Debug|Any CPU
		{B5EC3AB1-591E-489B-BE8A-664C5F26EEC6}.Debug|Any CPU.Build.0 = Debug|Any CPU
		{B5EC3AB1-591E-489B-BE8A-664C5F26EEC6}.Release|Any CPU.ActiveCfg = Release|Any CPU
		{B5EC3AB1-591E-489B-BE8A-664C5F26EEC6}.Release|Any CPU.Build.0 = Release|Any CPU
		{96C64D9C-F788-4B9F-A1A2-A6671976664A}.Debug|Any CPU.ActiveCfg = Debug|Any CPU
		{96C64D9C-F788-4B9F-A1A2-A6671976664A}.Debug|Any CPU.Build.0 = Debug|Any CPU
		{96C64D9C-F788-4B9F-A1A2-A6671976664A}.Release|Any CPU.ActiveCfg = Release|Any CPU
		{96C64D9C-F788-4B9F-A1A2-A6671976664A}.Release|Any CPU.Build.0 = Release|Any CPU
		{61FBF1F7-2467-4C8D-A375-E507EBBB5A98}.Debug|Any CPU.ActiveCfg = Debug|Any CPU
		{61FBF1F7-2467-4C8D-A375-E507EBBB5A98}.Debug|Any CPU.Build.0 = Debug|Any CPU
		{61FBF1F7-2467-4C8D-A375-E507EBBB5A98}.Release|Any CPU.ActiveCfg = Release|Any CPU
		{61FBF1F7-2467-4C8D-A375-E507EBBB5A98}.Release|Any CPU.Build.0 = Release|Any CPU
		{11B8EC6B-39E4-44C0-BABF-47B86BBC2114}.Debug|Any CPU.ActiveCfg = Debug|Any CPU
		{11B8EC6B-39E4-44C0-BABF-47B86BBC2114}.Debug|Any CPU.Build.0 = Debug|Any CPU
		{11B8EC6B-39E4-44C0-BABF-47B86BBC2114}.Release|Any CPU.ActiveCfg = Release|Any CPU
		{11B8EC6B-39E4-44C0-BABF-47B86BBC2114}.Release|Any CPU.Build.0 = Release|Any CPU
		{AE82F87E-2BBB-4EFE-9335-B96A77F3142F}.Debug|Any CPU.ActiveCfg = Debug|Any CPU
		{AE82F87E-2BBB-4EFE-9335-B96A77F3142F}.Debug|Any CPU.Build.0 = Debug|Any CPU
		{AE82F87E-2BBB-4EFE-9335-B96A77F3142F}.Release|Any CPU.ActiveCfg = Release|Any CPU
		{AE82F87E-2BBB-4EFE-9335-B96A77F3142F}.Release|Any CPU.Build.0 = Release|Any CPU
		{88FD67FE-84ED-43F5-BC41-70E05C04CC98}.Debug|Any CPU.ActiveCfg = Debug|Any CPU
		{88FD67FE-84ED-43F5-BC41-70E05C04CC98}.Debug|Any CPU.Build.0 = Debug|Any CPU
		{88FD67FE-84ED-43F5-BC41-70E05C04CC98}.Release|Any CPU.ActiveCfg = Release|Any CPU
		{88FD67FE-84ED-43F5-BC41-70E05C04CC98}.Release|Any CPU.Build.0 = Release|Any CPU
		{6C4ACC8F-840A-4FD1-8FD1-03F731C3E76A}.Debug|Any CPU.ActiveCfg = Debug|Any CPU
		{6C4ACC8F-840A-4FD1-8FD1-03F731C3E76A}.Debug|Any CPU.Build.0 = Debug|Any CPU
		{6C4ACC8F-840A-4FD1-8FD1-03F731C3E76A}.Release|Any CPU.ActiveCfg = Release|Any CPU
		{6C4ACC8F-840A-4FD1-8FD1-03F731C3E76A}.Release|Any CPU.Build.0 = Release|Any CPU
	EndGlobalSection
	GlobalSection(SolutionProperties) = preSolution
		HideSolutionNode = FALSE
	EndGlobalSection
	GlobalSection(NestedProjects) = preSolution
		{61FBF1F7-2467-4C8D-A375-E507EBBB5A98} = {578D9CB1-5F86-4C80-B443-AB00B7A8AA40}
		{11B8EC6B-39E4-44C0-BABF-47B86BBC2114} = {578D9CB1-5F86-4C80-B443-AB00B7A8AA40}
		{AE82F87E-2BBB-4EFE-9335-B96A77F3142F} = {578D9CB1-5F86-4C80-B443-AB00B7A8AA40}
		{88FD67FE-84ED-43F5-BC41-70E05C04CC98} = {267D913F-575E-49B8-9A7D-736340035083}
		{6C4ACC8F-840A-4FD1-8FD1-03F731C3E76A} = {267D913F-575E-49B8-9A7D-736340035083}
	EndGlobalSection
	GlobalSection(ExtensibilityGlobals) = postSolution
		SolutionGuid = {804720EF-05DA-4381-A1CC-E1BFD2C34987}
	EndGlobalSection
EndGlobal
